{
  "version": 4,
  "terraform_version": "0.12.13",
  "serial": 21,
  "lineage": "0ff55b48-b33d-81a9-17cb-26f1555b4219",
  "outputs": {},
  "resources": [
    {
      "module": "module.iam.module.ecs_instance_role",
      "mode": "data",
      "type": "aws_iam_policy_document",
      "name": "ecs_instance",
      "provider": "provider.aws",
      "instances": [
        {
          "schema_version": 0,
          "attributes": {
            "id": "1903849331",
            "json": "{\n  \"Version\": \"2012-10-17\",\n  \"Statement\": [\n    {\n      \"Sid\": \"\",\n      \"Effect\": \"Allow\",\n      \"Action\": \"sts:AssumeRole\",\n      \"Principal\": {\n        \"Service\": \"ec2.amazonaws.com\"\n      }\n    }\n  ]\n}",
            "override_json": null,
            "policy_id": null,
            "source_json": null,
            "statement": [
              {
                "actions": [
                  "sts:AssumeRole"
                ],
                "condition": [],
                "effect": "Allow",
                "not_actions": [],
                "not_principals": [],
                "not_resources": [],
                "principals": [
                  {
                    "identifiers": [
                      "ec2.amazonaws.com"
                    ],
                    "type": "Service"
                  }
                ],
                "resources": [],
                "sid": ""
              }
            ],
            "version": "2012-10-17"
          }
        }
      ]
    },
    {
      "module": "module.vpc",
      "mode": "data",
      "type": "aws_subnet_ids",
      "name": "default",
      "provider": "provider.aws",
      "instances": [
        {
          "schema_version": 0,
          "attributes": {
            "filter": null,
            "id": "vpc-aa1268c2",
            "ids": [
              "subnet-7cd35b06",
              "subnet-973a76fe",
              "subnet-da39e696"
            ],
            "tags": null,
            "vpc_id": "vpc-aa1268c2"
          },
          "depends_on": [
            "data.aws_vpc.default"
          ]
        }
      ]
    },
    {
      "module": "module.vpc",
      "mode": "data",
      "type": "aws_vpc",
      "name": "default",
      "provider": "provider.aws",
      "instances": [
        {
          "schema_version": 0,
          "attributes": {
            "arn": "arn:aws:ec2:eu-west-2:053103263608:vpc/vpc-aa1268c2",
            "cidr_block": "172.31.0.0/16",
            "cidr_block_associations": [
              {
                "association_id": "vpc-cidr-assoc-3565375d",
                "cidr_block": "172.31.0.0/16",
                "state": "associated"
              }
            ],
            "default": true,
            "dhcp_options_id": "dopt-72f0a21a",
            "enable_dns_hostnames": true,
            "enable_dns_support": true,
            "filter": null,
            "id": "vpc-aa1268c2",
            "instance_tenancy": "default",
            "ipv6_association_id": null,
            "ipv6_cidr_block": null,
            "main_route_table_id": "rtb-902f18f8",
            "owner_id": "053103263608",
            "state": "available",
            "tags": {}
          }
        }
      ]
    },
    {
      "module": "module.iam.module.ecs_instance_role",
      "mode": "managed",
      "type": "aws_iam_instance_profile",
      "name": "ecs_instance",
      "provider": "provider.aws",
      "instances": [
        {
          "schema_version": 0,
          "attributes": {
            "arn": "arn:aws:iam::053103263608:instance-profile/bookstore-ecs-instance",
            "create_date": "2020-03-24T14:47:20Z",
            "id": "bookstore-ecs-instance",
            "name": "bookstore-ecs-instance",
            "name_prefix": null,
            "path": "/",
            "role": "bookstore-ecs-instance",
            "roles": [],
            "unique_id": "AIPAQYXJTP54A3XV2K5OY"
          },
          "private": "bnVsbA==",
          "depends_on": [
            "aws_iam_role.ecs_instance"
          ]
        }
      ]
    },
    {
      "module": "module.iam.module.ecs_instance_role",
      "mode": "managed",
      "type": "aws_iam_role",
      "name": "ecs_instance",
      "provider": "provider.aws",
      "instances": [
        {
          "schema_version": 0,
          "attributes": {
            "arn": "arn:aws:iam::053103263608:role/bookstore-ecs-instance",
            "assume_role_policy": "{\"Version\":\"2012-10-17\",\"Statement\":[{\"Sid\":\"\",\"Effect\":\"Allow\",\"Principal\":{\"Service\":\"ec2.amazonaws.com\"},\"Action\":\"sts:AssumeRole\"}]}",
            "create_date": "2020-03-24T14:47:17Z",
            "description": "",
            "force_detach_policies": false,
            "id": "bookstore-ecs-instance",
            "max_session_duration": 3600,
            "name": "bookstore-ecs-instance",
            "name_prefix": null,
            "path": "/",
            "permissions_boundary": null,
            "tags": null,
            "unique_id": "AROAQYXJTP54FDHHHXOA6"
          },
          "private": "bnVsbA==",
          "depends_on": [
            "data.aws_iam_policy_document.ecs_instance"
          ]
        }
      ]
    },
    {
      "module": "module.iam.module.ecs_instance_role",
      "mode": "managed",
      "type": "aws_iam_role_policy_attachment",
      "name": "ecs_instance",
      "provider": "provider.aws",
      "instances": [
        {
          "schema_version": 0,
          "attributes": {
            "id": "bookstore-ecs-instance-20200324144720166300000001",
            "policy_arn": "arn:aws:iam::aws:policy/service-role/AmazonEC2ContainerServiceforEC2Role",
            "role": "bookstore-ecs-instance"
          },
          "private": "bnVsbA==",
          "depends_on": [
            "aws_iam_role.ecs_instance"
          ]
        }
      ]
    },
    {
      "module": "module.iam.module.s3_user",
      "mode": "managed",
      "type": "aws_iam_user",
      "name": "s3_user",
      "provider": "provider.aws",
      "instances": [
        {
          "schema_version": 0,
          "attributes": {
            "arn": "arn:aws:iam::053103263608:user/bookstore-s3-user",
            "force_destroy": false,
            "id": "bookstore-s3-user",
            "name": "bookstore-s3-user",
            "path": "/",
            "permissions_boundary": null,
            "tags": null,
            "unique_id": "AIDAQYXJTP54IMOVID33J"
          },
          "private": "bnVsbA=="
        }
      ]
    },
    {
      "module": "module.iam.module.s3_user",
      "mode": "managed",
      "type": "aws_iam_user_policy_attachment",
      "name": "s3_user",
      "provider": "provider.aws",
      "instances": [
        {
          "schema_version": 0,
          "attributes": {
            "id": "bookstore-s3-user-20200324144721781300000002",
            "policy_arn": "arn:aws:iam::aws:policy/AmazonS3FullAccess",
            "user": "bookstore-s3-user"
          },
          "private": "bnVsbA==",
          "depends_on": [
            "aws_iam_user.s3_user"
          ]
        }
      ]
    },
    {
      "module": "module.vpc",
      "mode": "managed",
      "type": "aws_security_group",
      "name": "cluster_instance",
      "provider": "provider.aws",
      "instances": [
        {
          "schema_version": 1,
          "attributes": {
            "arn": "arn:aws:ec2:eu-west-2:053103263608:security-group/sg-0359e7357c8156393",
            "description": "Managed by Terraform",
            "egress": [
              {
                "cidr_blocks": [
                  "0.0.0.0/0"
                ],
                "description": "",
                "from_port": 0,
                "ipv6_cidr_blocks": [],
                "prefix_list_ids": [],
                "protocol": "-1",
                "security_groups": [],
                "self": false,
                "to_port": 0
              }
            ],
            "id": "sg-0359e7357c8156393",
            "ingress": [
              {
                "cidr_blocks": [
                  "0.0.0.0/0"
                ],
                "description": "",
                "from_port": 22,
                "ipv6_cidr_blocks": [],
                "prefix_list_ids": [],
                "protocol": "tcp",
                "security_groups": [],
                "self": false,
                "to_port": 22
              },
              {
                "cidr_blocks": [],
                "description": "",
                "from_port": 8080,
                "ipv6_cidr_blocks": [],
                "prefix_list_ids": [],
                "protocol": "tcp",
                "security_groups": [
                  "sg-01202e37b279d9b03"
                ],
                "self": false,
                "to_port": 8080
              }
            ],
            "name": "bookstore-cluster-instance",
            "name_prefix": null,
            "owner_id": "053103263608",
            "revoke_rules_on_delete": false,
            "tags": {
              "Name": "Bookstore Cluster Instance SG"
            },
            "timeouts": null,
            "vpc_id": "vpc-aa1268c2"
          },
          "private": "eyJlMmJmYjczMC1lY2FhLTExZTYtOGY4OC0zNDM2M2JjN2M0YzAiOnsiY3JlYXRlIjo2MDAwMDAwMDAwMDAsImRlbGV0ZSI6NjAwMDAwMDAwMDAwfSwic2NoZW1hX3ZlcnNpb24iOiIxIn0=",
          "depends_on": [
            "aws_security_group.load_balancer"
          ]
        }
      ]
    },
    {
      "module": "module.vpc",
      "mode": "managed",
      "type": "aws_security_group",
      "name": "load_balancer",
      "provider": "provider.aws",
      "instances": [
        {
          "schema_version": 1,
          "attributes": {
            "arn": "arn:aws:ec2:eu-west-2:053103263608:security-group/sg-01202e37b279d9b03",
            "description": "Managed by Terraform",
            "egress": [
              {
                "cidr_blocks": [
                  "0.0.0.0/0"
                ],
                "description": "",
                "from_port": 0,
                "ipv6_cidr_blocks": [],
                "prefix_list_ids": [],
                "protocol": "-1",
                "security_groups": [],
                "self": false,
                "to_port": 0
              }
            ],
            "id": "sg-01202e37b279d9b03",
            "ingress": [
              {
                "cidr_blocks": [
                  "0.0.0.0/0"
                ],
                "description": "",
                "from_port": 443,
                "ipv6_cidr_blocks": [],
                "prefix_list_ids": [],
                "protocol": "tcp",
                "security_groups": [],
                "self": false,
                "to_port": 443
              },
              {
                "cidr_blocks": [
                  "0.0.0.0/0"
                ],
                "description": "",
                "from_port": 80,
                "ipv6_cidr_blocks": [],
                "prefix_list_ids": [],
                "protocol": "tcp",
                "security_groups": [],
                "self": false,
                "to_port": 80
              }
            ],
            "name": "bookstore-load-balancer",
            "name_prefix": null,
            "owner_id": "053103263608",
            "revoke_rules_on_delete": false,
            "tags": {
              "Name": "Bookstore Load Balancer SG"
            },
            "timeouts": null,
            "vpc_id": "vpc-aa1268c2"
          },
          "private": "eyJlMmJmYjczMC1lY2FhLTExZTYtOGY4OC0zNDM2M2JjN2M0YzAiOnsiY3JlYXRlIjo2MDAwMDAwMDAwMDAsImRlbGV0ZSI6NjAwMDAwMDAwMDAwfSwic2NoZW1hX3ZlcnNpb24iOiIxIn0="
        }
      ]
    }
  ]
}
