{
  "version": 4,
  "terraform_version": "0.12.13",
  "serial": 6,
  "lineage": "0ff55b48-b33d-81a9-17cb-26f1555b4219",
  "outputs": {},
  "resources": [
    {
      "module": "module.iam.module.ecs_instance_role",
      "mode": "data",
      "type": "aws_iam_policy_document",
      "name": "ecs_instance",
      "provider": "provider.aws",
      "instances": [
        {
          "schema_version": 0,
          "attributes": {
            "id": "1903849331",
            "json": "{\n  \"Version\": \"2012-10-17\",\n  \"Statement\": [\n    {\n      \"Sid\": \"\",\n      \"Effect\": \"Allow\",\n      \"Action\": \"sts:AssumeRole\",\n      \"Principal\": {\n        \"Service\": \"ec2.amazonaws.com\"\n      }\n    }\n  ]\n}",
            "override_json": null,
            "policy_id": null,
            "source_json": null,
            "statement": [
              {
                "actions": [
                  "sts:AssumeRole"
                ],
                "condition": [],
                "effect": "Allow",
                "not_actions": [],
                "not_principals": [],
                "not_resources": [],
                "principals": [
                  {
                    "identifiers": [
                      "ec2.amazonaws.com"
                    ],
                    "type": "Service"
                  }
                ],
                "resources": [],
                "sid": ""
              }
            ],
            "version": "2012-10-17"
          }
        }
      ]
    },
    {
      "module": "module.iam.module.ecs_instance_role",
      "mode": "managed",
      "type": "aws_iam_instance_profile",
      "name": "ecs_instance",
      "provider": "provider.aws",
      "instances": [
        {
          "schema_version": 0,
          "attributes": {
            "arn": "arn:aws:iam::053103263608:instance-profile/bookstore-ecs-instance",
            "create_date": "2020-03-24T13:48:13Z",
            "id": "bookstore-ecs-instance",
            "name": "bookstore-ecs-instance",
            "name_prefix": null,
            "path": "/",
            "role": "bookstore-ecs-instance",
            "roles": [],
            "unique_id": "AIPAQYXJTP54GQHDSUYZN"
          },
          "private": "bnVsbA==",
          "depends_on": [
            "aws_iam_role.ecs_instance"
          ]
        }
      ]
    },
    {
      "module": "module.iam.module.ecs_instance_role",
      "mode": "managed",
      "type": "aws_iam_role",
      "name": "ecs_instance",
      "provider": "provider.aws",
      "instances": [
        {
          "schema_version": 0,
          "attributes": {
            "arn": "arn:aws:iam::053103263608:role/bookstore-ecs-instance",
            "assume_role_policy": "{\"Version\":\"2012-10-17\",\"Statement\":[{\"Sid\":\"\",\"Effect\":\"Allow\",\"Principal\":{\"Service\":\"ec2.amazonaws.com\"},\"Action\":\"sts:AssumeRole\"}]}",
            "create_date": "2020-03-24T13:48:12Z",
            "description": "",
            "force_detach_policies": false,
            "id": "bookstore-ecs-instance",
            "max_session_duration": 3600,
            "name": "bookstore-ecs-instance",
            "name_prefix": null,
            "path": "/",
            "permissions_boundary": null,
            "tags": null,
            "unique_id": "AROAQYXJTP54AP6XAZVQF"
          },
          "private": "bnVsbA==",
          "depends_on": [
            "data.aws_iam_policy_document.ecs_instance"
          ]
        }
      ]
    },
    {
      "module": "module.iam.module.ecs_instance_role",
      "mode": "managed",
      "type": "aws_iam_role_policy_attachment",
      "name": "ecs_instance",
      "provider": "provider.aws",
      "instances": [
        {
          "schema_version": 0,
          "attributes": {
            "id": "bookstore-ecs-instance-20200324134812890300000002",
            "policy_arn": "arn:aws:iam::aws:policy/service-role/AmazonEC2ContainerServiceforEC2Role",
            "role": "bookstore-ecs-instance"
          },
          "private": "bnVsbA==",
          "depends_on": [
            "aws_iam_role.ecs_instance"
          ]
        }
      ]
    },
    {
      "module": "module.iam.module.s3_user",
      "mode": "managed",
      "type": "aws_iam_user",
      "name": "s3_user",
      "provider": "provider.aws",
      "instances": [
        {
          "schema_version": 0,
          "attributes": {
            "arn": "arn:aws:iam::053103263608:user/bookstore-s3-user",
            "force_destroy": false,
            "id": "bookstore-s3-user",
            "name": "bookstore-s3-user",
            "path": "/",
            "permissions_boundary": null,
            "tags": null,
            "unique_id": "AIDAQYXJTP54F6UHIJGAQ"
          },
          "private": "bnVsbA=="
        }
      ]
    },
    {
      "module": "module.iam.module.s3_user",
      "mode": "managed",
      "type": "aws_iam_user_policy_attachment",
      "name": "s3_user",
      "provider": "provider.aws",
      "instances": [
        {
          "schema_version": 0,
          "attributes": {
            "id": "bookstore-s3-user-20200324134812877900000001",
            "policy_arn": "arn:aws:iam::aws:policy/AmazonS3FullAccess",
            "user": "bookstore-s3-user"
          },
          "private": "bnVsbA==",
          "depends_on": [
            "aws_iam_user.s3_user"
          ]
        }
      ]
    }
  ]
}
